
Microsoft Visual Studio Solution File, Format Version 12.00
# Visual Studio Version 17
VisualStudioVersion = 17.11.35222.181
MinimumVisualStudioVersion = 10.0.40219.1
Project("{FAE04EC0-301F-11D3-BF4B-00C04F79EFBC}") = "StudentAPPlication", "StudentAPPlication\StudentAPPlication.csproj", "{006D4AF3-ACDF-4196-8401-E73823602B65}"
EndProject
Global
	GlobalSection(SolutionConfigurationPlatforms) = preSolution
		Debug|Any CPU = Debug|Any CPU
		Release|Any CPU = Release|Any CPU
	EndGlobalSection
	GlobalSection(ProjectConfigurationPlatforms) = postSolution
		{006D4AF3-ACDF-4196-8401-E73823602B65}.Debug|Any CPU.ActiveCfg = Debug|Any CPU
		{006D4AF3-ACDF-4196-8401-E73823602B65}.Debug|Any CPU.Build.0 = Debug|Any CPU
		{006D4AF3-ACDF-4196-8401-E73823602B65}.Release|Any CPU.ActiveCfg = Release|Any CPU
		{006D4AF3-ACDF-4196-8401-E73823602B65}.Release|Any CPU.Build.0 = Release|Any CPU
	EndGlobalSection
	GlobalSection(SolutionProperties) = preSolution
		HideSolutionNode = FALSE
	EndGlobalSection
	GlobalSection(ExtensibilityGlobals) = postSolution
		SolutionGuid = {E091C709-70B6-4107-BDD9-2D8A2C0AF3CA}
	EndGlobalSection
EndGlobal
